{
  "name": "jmeter-docs",
  "version": "1.0.0",
  "lockfileVersion": 3,
  "requires": true,
  "packages": {
    "": {
      "name": "jmeter-docs",
      "version": "1.0.0",
      "dependencies": {
        "@fontsource/merriweather": "^5.1.0",
        "@fortawesome/fontawesome-free": "^6.5.0"
      }
    },
    "node_modules/@fontsource/merriweather": {
      "version": "5.2.11",
      "resolved": "https://registry.npmjs.org/@fontsource/merriweather/-/merriweather-5.2.11.tgz",
      "integrity": "sha512-ZiIMeUh5iT8d73o6xlSF8GKgjV5pgiFrufYc5jZTVAfExtWKqM2vQHnsqXSFMv4ELhAcjt6Vf+5T3oVGXhAizQ==",
      "license": "OFL-1.1",
      "funding": {
        "url": "https://github.com/sponsors/ayuhito"
      }
    },
    "node_modules/@fortawesome/fontawesome-free": {
      "version": "6.7.2",
      "resolved": "https://registry.npmjs.org/@fortawesome/fontawesome-free/-/fontawesome-free-6.7.2.tgz",
      "integrity": "sha512-JUOtgFW6k9u4Y+xeIaEiLr3+cjoUPiAuLXoyKOJSia6Duzb7pq+A76P9ZdPDoAoxHdHzq6gE9/jKBGXlZT8FbA==",
      "license": "(CC-BY-4.0 AND OFL-1.1 AND MIT)",
      "engines": {
        "node": ">=6"
      }
    }
  }
}
