# THIS IS AN AUTOGENERATED FILE. DO NOT EDIT THIS FILE DIRECTLY.
# yarn lockfile v1


"@fontsource/merriweather@^5.3.0":
  version "5.3.0"
  resolved "https://registry.yarnpkg.com/@fontsource/merriweather/-/merriweather-5.3.0.tgz#6b3e916dc3250def1664e1b123a99487d383e91c"
  integrity sha512-9LpPsNTYzRALj468Uj1K9Usl5eXk991L/kKmcpdWbTF1na9NfMyAXMgUABlMReViU1MYBz9kJ8jEzEOtX9qGDg==

"@fortawesome/fontawesome-free@^7.0.0":
  version "7.1.0"
  resolved "https://registry.npmjs.org/@fortawesome/fontawesome-free/-/fontawesome-free-7.1.0.tgz"
  integrity sha512-+WxNld5ZCJHvPQCr/GnzCTVREyStrAJjisUPtUxG5ngDA8TMlPnKp6dddlTpai4+1GNmltAeuk1hJEkBohwZYA==
