# THIS IS AN AUTOGENERATED FILE. DO NOT EDIT THIS FILE DIRECTLY.
# yarn lockfile v1


"@fontsource/merriweather@^5.1.0":
  version "5.2.11"
  resolved "https://registry.npmjs.org/@fontsource/merriweather/-/merriweather-5.2.11.tgz"
  integrity sha512-ZiIMeUh5iT8d73o6xlSF8GKgjV5pgiFrufYc5jZTVAfExtWKqM2vQHnsqXSFMv4ELhAcjt6Vf+5T3oVGXhAizQ==

"@fortawesome/fontawesome-free@^7.0.0":
  version "7.1.0"
  resolved "https://registry.npmjs.org/@fortawesome/fontawesome-free/-/fontawesome-free-7.1.0.tgz"
  integrity sha512-+WxNld5ZCJHvPQCr/GnzCTVREyStrAJjisUPtUxG5ngDA8TMlPnKp6dddlTpai4+1GNmltAeuk1hJEkBohwZYA==
