# THIS IS AN AUTOGENERATED FILE. DO NOT EDIT THIS FILE DIRECTLY.
# yarn lockfile v1


"@fontsource/merriweather@^5.3.0":
  version "5.3.0"
  resolved "https://registry.yarnpkg.com/@fontsource/merriweather/-/merriweather-5.3.0.tgz#6b3e916dc3250def1664e1b123a99487d383e91c"
  integrity sha512-9LpPsNTYzRALj468Uj1K9Usl5eXk991L/kKmcpdWbTF1na9NfMyAXMgUABlMReViU1MYBz9kJ8jEzEOtX9qGDg==

"@fortawesome/fontawesome-free@^7.3.1":
  version "7.3.1"
  resolved "https://registry.yarnpkg.com/@fortawesome/fontawesome-free/-/fontawesome-free-7.3.1.tgz#9d7d7df8f850637e001d24e6cd901422b4b09099"
  integrity sha512-wmglKKPDIkgV3aWlZzWECCPoGIkYCulzBwxG9+w7rc5BGapZ6cPMpoPOT8k36J0Ni7PPX6c/rsoMWfS4d1MUMg==
