{
  "name": "workflows",
  "lockfileVersion": 3,
  "requires": true,
  "packages": {
    "": {
      "dependencies": {
        "@vlsi/github-actions-random-matrix": "2.1.0"
      }
    },
    "node_modules/@vlsi/github-actions-random-matrix": {
      "version": "2.1.0",
      "resolved": "https://registry.npmjs.org/@vlsi/github-actions-random-matrix/-/github-actions-random-matrix-2.1.0.tgz",
      "integrity": "sha512-+KDQS/+AwEUBRrQR3WbBGva2Z2X5NAXDzWvaPAijSB0zNtUEAepw0YJWdsXDnSESeFpQ/rtna+SfEdKkTcIW8A==",
      "license": "Apache-2.0",
      "engines": {
        "node": ">=16"
      }
    }
  }
}
