{
  "name": "workflows",
  "lockfileVersion": 3,
  "requires": true,
  "packages": {
    "": {
      "dependencies": {
        "@vlsi/github-actions-random-matrix": "2.4.0"
      }
    },
    "node_modules/@vlsi/github-actions-random-matrix": {
      "version": "2.4.0",
      "resolved": "https://registry.npmjs.org/@vlsi/github-actions-random-matrix/-/github-actions-random-matrix-2.4.0.tgz",
      "integrity": "sha512-OO79/PYYm3zXol0KhI6T6U1rJXJbV/q2JOelz0jsir50Iqw5GvMdhlvq8Qbgw9PL3w2v/KETt0AzlFxC+tc0rQ==",
      "license": "Apache-2.0",
      "engines": {
        "node": ">=16"
      }
    }
  }
}
