{
  "name": "workflows",
  "lockfileVersion": 3,
  "requires": true,
  "packages": {
    "": {
      "dependencies": {
        "@vlsi/github-actions-random-matrix": "2.0.0"
      }
    },
    "node_modules/@vlsi/github-actions-random-matrix": {
      "version": "2.0.0",
      "resolved": "https://registry.npmjs.org/@vlsi/github-actions-random-matrix/-/github-actions-random-matrix-2.0.0.tgz",
      "integrity": "sha512-8lEb4eadMBKs+Hnj9dCmcHtgHoWelT4RMXAQ/VcQ1r3vjR8P2hSMVGhkRXaXibCBf0lMttS934CGo2mlBMopPA==",
      "license": "Apache-2.0",
      "engines": {
        "node": ">=16"
      }
    }
  }
}
